// !$*UTF8*$!
{
	archiveVersion = 1;
	classes = {
	};
	objectVersion = 50;
	objects = {

/* Begin PBXBuildFile section */
		9C36C7992292AE07000C8FF9 /* Montserrat-Medium.ttf in Resources */ = {isa = PBXBuildFile; fileRef = 9C2B3A662292ABF2000C6AF2 /* Montserrat-Medium.ttf */; };
		9C36C79B2292AF38000C8FF9 /* HomePageViewController.swift in Sources */ = {isa = PBXBuildFile; fileRef = 9C36C79A2292AF38000C8FF9 /* HomePageViewController.swift */; };
		9C36C79D2292B006000C8FF9 /* AddEventDelegate.swift in Sources */ = {isa = PBXBuildFile; fileRef = 9C36C79C2292B006000C8FF9 /* AddEventDelegate.swift */; };
		9C36C79F2292BF73000C8FF9 /* RootViewController.swift in Sources */ = {isa = PBXBuildFile; fileRef = 9C36C79E2292BF73000C8FF9 /* RootViewController.swift */; };
		9C36C7A22292C485000C8FF9 /* WelcomeTag.swift in Sources */ = {isa = PBXBuildFile; fileRef = 9C36C7A12292C485000C8FF9 /* WelcomeTag.swift */; };
		9C3E45E2229C3ABF00D4FE4D /* Assets.xcassets in Resources */ = {isa = PBXBuildFile; fileRef = 9C3E45E1229C3ABF00D4FE4D /* Assets.xcassets */; };
		9C3E45E5229C49BE00D4FE4D /* Guest.swift in Sources */ = {isa = PBXBuildFile; fileRef = 9C3E45E4229C49BE00D4FE4D /* Guest.swift */; };
		9C3E45E7229C4A6E00D4FE4D /* Place.swift in Sources */ = {isa = PBXBuildFile; fileRef = 9C3E45E6229C4A6E00D4FE4D /* Place.swift */; };
		9C3E45E9229C4A9600D4FE4D /* Time.swift in Sources */ = {isa = PBXBuildFile; fileRef = 9C3E45E8229C4A9600D4FE4D /* Time.swift */; };
		9C3E45EB229C4AE800D4FE4D /* Event.swift in Sources */ = {isa = PBXBuildFile; fileRef = 9C3E45EA229C4AE800D4FE4D /* Event.swift */; };
		9CBC82C22293EB9D00615D6F /* AddEventButton.swift in Sources */ = {isa = PBXBuildFile; fileRef = 9CBC82C12293EB9D00615D6F /* AddEventButton.swift */; };
		9CCF056422943D29009AF3D7 /* AddEventViewController.swift in Sources */ = {isa = PBXBuildFile; fileRef = 9CCF056322943D29009AF3D7 /* AddEventViewController.swift */; };
		9CCF05672295EE88009AF3D7 /* NameTextField.swift in Sources */ = {isa = PBXBuildFile; fileRef = 9CCF05662295EE88009AF3D7 /* NameTextField.swift */; };
		9CCF05692295F2A6009AF3D7 /* ThrowADinnerLabel.swift in Sources */ = {isa = PBXBuildFile; fileRef = 9CCF05682295F2A6009AF3D7 /* ThrowADinnerLabel.swift */; };
		9CCF056B2295F3F4009AF3D7 /* GuestsLabel.swift in Sources */ = {isa = PBXBuildFile; fileRef = 9CCF056A2295F3F4009AF3D7 /* GuestsLabel.swift */; };
		9CCF056D2295F4C1009AF3D7 /* AddGuestButton.swift in Sources */ = {isa = PBXBuildFile; fileRef = 9CCF056C2295F4C1009AF3D7 /* AddGuestButton.swift */; };
		9CCF056F2295F840009AF3D7 /* DateInputTextField.swift in Sources */ = {isa = PBXBuildFile; fileRef = 9CCF056E2295F840009AF3D7 /* DateInputTextField.swift */; };
		9CCF05712297E3A8009AF3D7 /* PickLocationContainer.swift in Sources */ = {isa = PBXBuildFile; fileRef = 9CCF05702297E3A8009AF3D7 /* PickLocationContainer.swift */; };
		9CCF05732298013B009AF3D7 /* PickLocation.swift in Sources */ = {isa = PBXBuildFile; fileRef = 9CCF05722298013B009AF3D7 /* PickLocation.swift */; };
		9CCF0575229C137C009AF3D7 /* DoneButton.swift in Sources */ = {isa = PBXBuildFile; fileRef = 9CCF0574229C137C009AF3D7 /* DoneButton.swift */; };
		9CF8D1AE2253C403008F88CD /* AppDelegate.swift in Sources */ = {isa = PBXBuildFile; fileRef = 9CF8D1AD2253C403008F88CD /* AppDelegate.swift */; };
		9CF8D1B02253C403008F88CD /* LoginViewController.swift in Sources */ = {isa = PBXBuildFile; fileRef = 9CF8D1AF2253C403008F88CD /* LoginViewController.swift */; };
		9CF8D1C52253E899008F88CD /* LoginViewComponents.swift in Sources */ = {isa = PBXBuildFile; fileRef = 9CF8D1C42253E899008F88CD /* LoginViewComponents.swift */; };
		E1939E65229D48E600D02E8A /* GoogleService-Info.plist in Resources */ = {isa = PBXBuildFile; fileRef = E1939E64229D48E600D02E8A /* GoogleService-Info.plist */; };
		F761968A4ED67A61A51E305C /* Pods_Cookether.framework in Frameworks */ = {isa = PBXBuildFile; fileRef = 3FB947ACF11DD07BF3A73DB9 /* Pods_Cookether.framework */; };
/* End PBXBuildFile section */

/* Begin PBXFileReference section */
		3CAC9EA960A0A5C5641F9524 /* Pods-Cookether.release.xcconfig */ = {isa = PBXFileReference; includeInIndex = 1; lastKnownFileType = text.xcconfig; name = "Pods-Cookether.release.xcconfig"; path = "Target Support Files/Pods-Cookether/Pods-Cookether.release.xcconfig"; sourceTree = "<group>"; };
		3FB947ACF11DD07BF3A73DB9 /* Pods_Cookether.framework */ = {isa = PBXFileReference; explicitFileType = wrapper.framework; includeInIndex = 0; path = Pods_Cookether.framework; sourceTree = BUILT_PRODUCTS_DIR; };
		9C2B3A662292ABF2000C6AF2 /* Montserrat-Medium.ttf */ = {isa = PBXFileReference; lastKnownFileType = file; path = "Montserrat-Medium.ttf"; sourceTree = "<group>"; };
		9C36C79A2292AF38000C8FF9 /* HomePageViewController.swift */ = {isa = PBXFileReference; lastKnownFileType = sourcecode.swift; path = HomePageViewController.swift; sourceTree = "<group>"; };
		9C36C79C2292B006000C8FF9 /* AddEventDelegate.swift */ = {isa = PBXFileReference; lastKnownFileType = sourcecode.swift; path = AddEventDelegate.swift; sourceTree = "<group>"; };
		9C36C79E2292BF73000C8FF9 /* RootViewController.swift */ = {isa = PBXFileReference; lastKnownFileType = sourcecode.swift; path = RootViewController.swift; sourceTree = "<group>"; };
		9C36C7A12292C485000C8FF9 /* WelcomeTag.swift */ = {isa = PBXFileReference; lastKnownFileType = sourcecode.swift; path = WelcomeTag.swift; sourceTree = "<group>"; };
		9C3E45E1229C3ABF00D4FE4D /* Assets.xcassets */ = {isa = PBXFileReference; lastKnownFileType = folder.assetcatalog; path = Assets.xcassets; sourceTree = "<group>"; };
		9C3E45E4229C49BE00D4FE4D /* Guest.swift */ = {isa = PBXFileReference; lastKnownFileType = sourcecode.swift; path = Guest.swift; sourceTree = "<group>"; };
		9C3E45E6229C4A6E00D4FE4D /* Place.swift */ = {isa = PBXFileReference; lastKnownFileType = sourcecode.swift; path = Place.swift; sourceTree = "<group>"; };
		9C3E45E8229C4A9600D4FE4D /* Time.swift */ = {isa = PBXFileReference; lastKnownFileType = sourcecode.swift; path = Time.swift; sourceTree = "<group>"; };
		9C3E45EA229C4AE800D4FE4D /* Event.swift */ = {isa = PBXFileReference; lastKnownFileType = sourcecode.swift; path = Event.swift; sourceTree = "<group>"; };
		9CBC82C12293EB9D00615D6F /* AddEventButton.swift */ = {isa = PBXFileReference; lastKnownFileType = sourcecode.swift; path = AddEventButton.swift; sourceTree = "<group>"; };
		9CCF056322943D29009AF3D7 /* AddEventViewController.swift */ = {isa = PBXFileReference; lastKnownFileType = sourcecode.swift; path = AddEventViewController.swift; sourceTree = "<group>"; };
		9CCF05662295EE88009AF3D7 /* NameTextField.swift */ = {isa = PBXFileReference; lastKnownFileType = sourcecode.swift; path = NameTextField.swift; sourceTree = "<group>"; };
		9CCF05682295F2A6009AF3D7 /* ThrowADinnerLabel.swift */ = {isa = PBXFileReference; lastKnownFileType = sourcecode.swift; path = ThrowADinnerLabel.swift; sourceTree = "<group>"; };
		9CCF056A2295F3F4009AF3D7 /* GuestsLabel.swift */ = {isa = PBXFileReference; lastKnownFileType = sourcecode.swift; path = GuestsLabel.swift; sourceTree = "<group>"; };
		9CCF056C2295F4C1009AF3D7 /* AddGuestButton.swift */ = {isa = PBXFileReference; lastKnownFileType = sourcecode.swift; path = AddGuestButton.swift; sourceTree = "<group>"; };
		9CCF056E2295F840009AF3D7 /* DateInputTextField.swift */ = {isa = PBXFileReference; lastKnownFileType = sourcecode.swift; path = DateInputTextField.swift; sourceTree = "<group>"; };
		9CCF05702297E3A8009AF3D7 /* PickLocationContainer.swift */ = {isa = PBXFileReference; lastKnownFileType = sourcecode.swift; path = PickLocationContainer.swift; sourceTree = "<group>"; };
		9CCF05722298013B009AF3D7 /* PickLocation.swift */ = {isa = PBXFileReference; lastKnownFileType = sourcecode.swift; path = PickLocation.swift; sourceTree = "<group>"; };
		9CCF0574229C137C009AF3D7 /* DoneButton.swift */ = {isa = PBXFileReference; lastKnownFileType = sourcecode.swift; path = DoneButton.swift; sourceTree = "<group>"; };
		9CF8D1AA2253C403008F88CD /* Cookether.app */ = {isa = PBXFileReference; explicitFileType = wrapper.application; includeInIndex = 0; path = Cookether.app; sourceTree = BUILT_PRODUCTS_DIR; };
		9CF8D1AD2253C403008F88CD /* AppDelegate.swift */ = {isa = PBXFileReference; lastKnownFileType = sourcecode.swift; path = AppDelegate.swift; sourceTree = "<group>"; };
		9CF8D1AF2253C403008F88CD /* LoginViewController.swift */ = {isa = PBXFileReference; lastKnownFileType = sourcecode.swift; path = LoginViewController.swift; sourceTree = "<group>"; };
		9CF8D1B92253C404008F88CD /* Info.plist */ = {isa = PBXFileReference; lastKnownFileType = text.plist.xml; path = Info.plist; sourceTree = "<group>"; };
		9CF8D1C42253E899008F88CD /* LoginViewComponents.swift */ = {isa = PBXFileReference; lastKnownFileType = sourcecode.swift; path = LoginViewComponents.swift; sourceTree = "<group>"; };
		DB3F46C9812DEC39145CEB12 /* Pods-Cookether.debug.xcconfig */ = {isa = PBXFileReference; includeInIndex = 1; lastKnownFileType = text.xcconfig; name = "Pods-Cookether.debug.xcconfig"; path = "Target Support Files/Pods-Cookether/Pods-Cookether.debug.xcconfig"; sourceTree = "<group>"; };
		E1939E64229D48E600D02E8A /* GoogleService-Info.plist */ = {isa = PBXFileReference; fileEncoding = 4; lastKnownFileType = text.plist.xml; name = "GoogleService-Info.plist"; path = "../../../../Downloads/GoogleService-Info.plist"; sourceTree = "<group>"; };
/* End PBXFileReference section */

/* Begin PBXFrameworksBuildPhase section */
		9CF8D1A72253C403008F88CD /* Frameworks */ = {
			isa = PBXFrameworksBuildPhase;
			buildActionMask = 2147483647;
			files = (
				F761968A4ED67A61A51E305C /* Pods_Cookether.framework in Frameworks */,
			);
			runOnlyForDeploymentPostprocessing = 0;
		};
/* End PBXFrameworksBuildPhase section */

/* Begin PBXGroup section */
		513CD78A09A3500DD9EB9E27 /* Pods */ = {
			isa = PBXGroup;
			children = (
				DB3F46C9812DEC39145CEB12 /* Pods-Cookether.debug.xcconfig */,
				3CAC9EA960A0A5C5641F9524 /* Pods-Cookether.release.xcconfig */,
			);
			path = Pods;
			sourceTree = "<group>";
		};
		9C36C7A02292C46F000C8FF9 /* HomeViewController Components */ = {
			isa = PBXGroup;
			children = (
				9C36C7A12292C485000C8FF9 /* WelcomeTag.swift */,
				9CBC82C12293EB9D00615D6F /* AddEventButton.swift */,
			);
			path = "HomeViewController Components";
			sourceTree = "<group>";
		};
		9C3E45E3229C498800D4FE4D /* Event */ = {
			isa = PBXGroup;
			children = (
				9C3E45E4229C49BE00D4FE4D /* Guest.swift */,
				9C3E45E6229C4A6E00D4FE4D /* Place.swift */,
				9C3E45E8229C4A9600D4FE4D /* Time.swift */,
				9C3E45EA229C4AE800D4FE4D /* Event.swift */,
			);
			path = Event;
			sourceTree = "<group>";
		};
		9CCF056522943E03009AF3D7 /* AddEventViewController Components */ = {
			isa = PBXGroup;
			children = (
				9CCF05662295EE88009AF3D7 /* NameTextField.swift */,
				9CCF05682295F2A6009AF3D7 /* ThrowADinnerLabel.swift */,
				9CCF056A2295F3F4009AF3D7 /* GuestsLabel.swift */,
				9CCF056C2295F4C1009AF3D7 /* AddGuestButton.swift */,
				9CCF056E2295F840009AF3D7 /* DateInputTextField.swift */,
				9CCF05702297E3A8009AF3D7 /* PickLocationContainer.swift */,
				9CCF05722298013B009AF3D7 /* PickLocation.swift */,
				9CCF0574229C137C009AF3D7 /* DoneButton.swift */,
			);
			path = "AddEventViewController Components";
			sourceTree = "<group>";
		};
		9CF8D1A12253C403008F88CD = {
			isa = PBXGroup;
			children = (
				9CF8D1AC2253C403008F88CD /* Cookether */,
				9CF8D1AB2253C403008F88CD /* Products */,
				513CD78A09A3500DD9EB9E27 /* Pods */,
				F1C0D0628F60749A79C2A331 /* Frameworks */,
			);
			sourceTree = "<group>";
		};
		9CF8D1AB2253C403008F88CD /* Products */ = {
			isa = PBXGroup;
			children = (
				9CF8D1AA2253C403008F88CD /* Cookether.app */,
			);
			name = Products;
			sourceTree = "<group>";
		};
		9CF8D1AC2253C403008F88CD /* Cookether */ = {
			isa = PBXGroup;
			children = (
				9CF8D1CA2253F75A008F88CD /* Info */,
				9CF8D1C32253E78D008F88CD /* Controller */,
				9CF8D1C22253E51A008F88CD /* Models */,
				9CF8D1C12253E50E008F88CD /* Views */,
				9CF8D1AD2253C403008F88CD /* AppDelegate.swift */,
				9C3E45E1229C3ABF00D4FE4D /* Assets.xcassets */,
				9CF8D1B92253C404008F88CD /* Info.plist */,
				E1939E64229D48E600D02E8A /* GoogleService-Info.plist */,
				9CF8D1C62253F6E4008F88CD /* Fonts */,
			);
			path = Cookether;
			sourceTree = "<group>";
		};
		9CF8D1C12253E50E008F88CD /* Views */ = {
			isa = PBXGroup;
			children = (
				9CCF056522943E03009AF3D7 /* AddEventViewController Components */,
				9C36C7A02292C46F000C8FF9 /* HomeViewController Components */,
				9CF8D1C42253E899008F88CD /* LoginViewComponents.swift */,
			);
			path = Views;
			sourceTree = "<group>";
		};
		9CF8D1C22253E51A008F88CD /* Models */ = {
			isa = PBXGroup;
			children = (
				9C3E45E3229C498800D4FE4D /* Event */,
				9C36C79C2292B006000C8FF9 /* AddEventDelegate.swift */,
			);
			path = Models;
			sourceTree = "<group>";
		};
		9CF8D1C32253E78D008F88CD /* Controller */ = {
			isa = PBXGroup;
			children = (
				9CF8D1AF2253C403008F88CD /* LoginViewController.swift */,
				9C36C79A2292AF38000C8FF9 /* HomePageViewController.swift */,
				9C36C79E2292BF73000C8FF9 /* RootViewController.swift */,
				9CCF056322943D29009AF3D7 /* AddEventViewController.swift */,
			);
			path = Controller;
			sourceTree = "<group>";
		};
		9CF8D1C62253F6E4008F88CD /* Fonts */ = {
			isa = PBXGroup;
			children = (
				9C2B3A662292ABF2000C6AF2 /* Montserrat-Medium.ttf */,
			);
			path = Fonts;
			sourceTree = "<group>";
		};
		9CF8D1CA2253F75A008F88CD /* Info */ = {
			isa = PBXGroup;
			children = (
			);
			path = Info;
			sourceTree = "<group>";
		};
		F1C0D0628F60749A79C2A331 /* Frameworks */ = {
			isa = PBXGroup;
			children = (
				3FB947ACF11DD07BF3A73DB9 /* Pods_Cookether.framework */,
			);
			name = Frameworks;
			sourceTree = "<group>";
		};
/* End PBXGroup section */

/* Begin PBXNativeTarget section */
		9CF8D1A92253C403008F88CD /* Cookether */ = {
			isa = PBXNativeTarget;
			buildConfigurationList = 9CF8D1BC2253C404008F88CD /* Build configuration list for PBXNativeTarget "Cookether" */;
			buildPhases = (
				9C83AFC9FA61C51777531E68 /* [CP] Check Pods Manifest.lock */,
				9CF8D1A62253C403008F88CD /* Sources */,
				9CF8D1A72253C403008F88CD /* Frameworks */,
				9CF8D1A82253C403008F88CD /* Resources */,
				4CCC580664852D7B5A2BE833 /* [CP] Embed Pods Frameworks */,
			);
			buildRules = (
			);
			dependencies = (
			);
			name = Cookether;
			productName = Cookether;
			productReference = 9CF8D1AA2253C403008F88CD /* Cookether.app */;
			productType = "com.apple.product-type.application";
		};
/* End PBXNativeTarget section */

/* Begin PBXProject section */
		9CF8D1A22253C403008F88CD /* Project object */ = {
			isa = PBXProject;
			attributes = {
				LastSwiftUpdateCheck = 1010;
				LastUpgradeCheck = 1010;
				ORGANIZATIONNAME = "Szymon Kolber";
				TargetAttributes = {
					9CF8D1A92253C403008F88CD = {
						CreatedOnToolsVersion = 10.1;
					};
				};
			};
			buildConfigurationList = 9CF8D1A52253C403008F88CD /* Build configuration list for PBXProject "Cookether" */;
			compatibilityVersion = "Xcode 9.3";
			developmentRegion = en;
			hasScannedForEncodings = 0;
			knownRegions = (
				en,
				Base,
			);
			mainGroup = 9CF8D1A12253C403008F88CD;
			productRefGroup = 9CF8D1AB2253C403008F88CD /* Products */;
			projectDirPath = "";
			projectRoot = "";
			targets = (
				9CF8D1A92253C403008F88CD /* Cookether */,
			);
		};
/* End PBXProject section */

/* Begin PBXResourcesBuildPhase section */
		9CF8D1A82253C403008F88CD /* Resources */ = {
			isa = PBXResourcesBuildPhase;
			buildActionMask = 2147483647;
			files = (
				9C3E45E2229C3ABF00D4FE4D /* Assets.xcassets in Resources */,
				9C36C7992292AE07000C8FF9 /* Montserrat-Medium.ttf in Resources */,
				E1939E65229D48E600D02E8A /* GoogleService-Info.plist in Resources */,
			);
			runOnlyForDeploymentPostprocessing = 0;
		};
/* End PBXResourcesBuildPhase section */

/* Begin PBXShellScriptBuildPhase section */
		4CCC580664852D7B5A2BE833 /* [CP] Embed Pods Frameworks */ = {
			isa = PBXShellScriptBuildPhase;
			buildActionMask = 2147483647;
			files = (
			);
			inputFileListPaths = (
			);
			inputPaths = (
				"${PODS_ROOT}/Target Support Files/Pods-Cookether/Pods-Cookether-frameworks.sh",
				"${BUILT_PRODUCTS_DIR}/Bolts/Bolts.framework",
				"${BUILT_PRODUCTS_DIR}/FBSDKCoreKit/FBSDKCoreKit.framework",
				"${BUILT_PRODUCTS_DIR}/FBSDKLoginKit/FBSDKLoginKit.framework",
				"${BUILT_PRODUCTS_DIR}/FacebookCore/FacebookCore.framework",
				"${BUILT_PRODUCTS_DIR}/FacebookLogin/FacebookLogin.framework",
				"${BUILT_PRODUCTS_DIR}/GTMSessionFetcher/GTMSessionFetcher.framework",
				"${BUILT_PRODUCTS_DIR}/GoogleUtilities/GoogleUtilities.framework",
				"${BUILT_PRODUCTS_DIR}/leveldb-library/leveldb.framework",
				"${BUILT_PRODUCTS_DIR}/nanopb/nanopb.framework",
			);
			name = "[CP] Embed Pods Frameworks";
			outputFileListPaths = (
			);
			outputPaths = (
				"${TARGET_BUILD_DIR}/${FRAMEWORKS_FOLDER_PATH}/Bolts.framework",
				"${TARGET_BUILD_DIR}/${FRAMEWORKS_FOLDER_PATH}/FBSDKCoreKit.framework",
				"${TARGET_BUILD_DIR}/${FRAMEWORKS_FOLDER_PATH}/FBSDKLoginKit.framework",
				"${TARGET_BUILD_DIR}/${FRAMEWORKS_FOLDER_PATH}/FacebookCore.framework",
				"${TARGET_BUILD_DIR}/${FRAMEWORKS_FOLDER_PATH}/FacebookLogin.framework",
				"${TARGET_BUILD_DIR}/${FRAMEWORKS_FOLDER_PATH}/GTMSessionFetcher.framework",
				"${TARGET_BUILD_DIR}/${FRAMEWORKS_FOLDER_PATH}/GoogleUtilities.framework",
				"${TARGET_BUILD_DIR}/${FRAMEWORKS_FOLDER_PATH}/leveldb.framework",
				"${TARGET_BUILD_DIR}/${FRAMEWORKS_FOLDER_PATH}/nanopb.framework",
			);
			runOnlyForDeploymentPostprocessing = 0;
			shellPath = /bin/sh;
			shellScript = "\"${PODS_ROOT}/Target Support Files/Pods-Cookether/Pods-Cookether-frameworks.sh\"\n";
			showEnvVarsInLog = 0;
		};
		9C83AFC9FA61C51777531E68 /* [CP] Check Pods Manifest.lock */ = {
			isa = PBXShellScriptBuildPhase;
			buildActionMask = 2147483647;
			files = (
			);
			inputFileListPaths = (
			);
			inputPaths = (
				"${PODS_PODFILE_DIR_PATH}/Podfile.lock",
				"${PODS_ROOT}/Manifest.lock",
			);
			name = "[CP] Check Pods Manifest.lock";
			outputFileListPaths = (
			);
			outputPaths = (
				"$(DERIVED_FILE_DIR)/Pods-Cookether-checkManifestLockResult.txt",
			);
			runOnlyForDeploymentPostprocessing = 0;
			shellPath = /bin/sh;
			shellScript = "diff \"${PODS_PODFILE_DIR_PATH}/Podfile.lock\" \"${PODS_ROOT}/Manifest.lock\" > /dev/null\nif [ $? != 0 ] ; then\n    # print error to STDERR\n    echo \"error: The sandbox is not in sync with the Podfile.lock. Run 'pod install' or update your CocoaPods installation.\" >&2\n    exit 1\nfi\n# This output is used by Xcode 'outputs' to avoid re-running this script phase.\necho \"SUCCESS\" > \"${SCRIPT_OUTPUT_FILE_0}\"\n";
			showEnvVarsInLog = 0;
		};
/* End PBXShellScriptBuildPhase section */

/* Begin PBXSourcesBuildPhase section */
		9CF8D1A62253C403008F88CD /* Sources */ = {
			isa = PBXSourcesBuildPhase;
			buildActionMask = 2147483647;
			files = (
				9C36C79D2292B006000C8FF9 /* AddEventDelegate.swift in Sources */,
				9C3E45E7229C4A6E00D4FE4D /* Place.swift in Sources */,
				9C36C7A22292C485000C8FF9 /* WelcomeTag.swift in Sources */,
				9C36C79B2292AF38000C8FF9 /* HomePageViewController.swift in Sources */,
				9CCF056D2295F4C1009AF3D7 /* AddGuestButton.swift in Sources */,
				9CCF056B2295F3F4009AF3D7 /* GuestsLabel.swift in Sources */,
				9C36C79F2292BF73000C8FF9 /* RootViewController.swift in Sources */,
				9CF8D1B02253C403008F88CD /* LoginViewController.swift in Sources */,
				9CF8D1C52253E899008F88CD /* LoginViewComponents.swift in Sources */,
				9CCF0575229C137C009AF3D7 /* DoneButton.swift in Sources */,
				9CCF056F2295F840009AF3D7 /* DateInputTextField.swift in Sources */,
				9C3E45E9229C4A9600D4FE4D /* Time.swift in Sources */,
				9C3E45E5229C49BE00D4FE4D /* Guest.swift in Sources */,
				9CCF05692295F2A6009AF3D7 /* ThrowADinnerLabel.swift in Sources */,
				9CBC82C22293EB9D00615D6F /* AddEventButton.swift in Sources */,
				9CCF056422943D29009AF3D7 /* AddEventViewController.swift in Sources */,
				9CCF05712297E3A8009AF3D7 /* PickLocationContainer.swift in Sources */,
				9CCF05732298013B009AF3D7 /* PickLocation.swift in Sources */,
				9CCF05672295EE88009AF3D7 /* NameTextField.swift in Sources */,
				9C3E45EB229C4AE800D4FE4D /* Event.swift in Sources */,
				9CF8D1AE2253C403008F88CD /* AppDelegate.swift in Sources */,
			);
			runOnlyForDeploymentPostprocessing = 0;
		};
/* End PBXSourcesBuildPhase section */

/* Begin XCBuildConfiguration section */
		9CF8D1BA2253C404008F88CD /* Debug */ = {
			isa = XCBuildConfiguration;
			buildSettings = {
				ALWAYS_SEARCH_USER_PATHS = NO;
				CLANG_ANALYZER_NONNULL = YES;
				CLANG_ANALYZER_NUMBER_OBJECT_CONVERSION = YES_AGGRESSIVE;
				CLANG_CXX_LANGUAGE_STANDARD = "gnu++14";
				CLANG_CXX_LIBRARY = "libc++";
				CLANG_ENABLE_MODULES = YES;
				CLANG_ENABLE_OBJC_ARC = YES;
				CLANG_ENABLE_OBJC_WEAK = YES;
				CLANG_WARN_BLOCK_CAPTURE_AUTORELEASING = YES;
				CLANG_WARN_BOOL_CONVERSION = YES;
				CLANG_WARN_COMMA = YES;
				CLANG_WARN_CONSTANT_CONVERSION = YES;
				CLANG_WARN_DEPRECATED_OBJC_IMPLEMENTATIONS = YES;
				CLANG_WARN_DIRECT_OBJC_ISA_USAGE = YES_ERROR;
				CLANG_WARN_DOCUMENTATION_COMMENTS = YES;
				CLANG_WARN_EMPTY_BODY = YES;
				CLANG_WARN_ENUM_CONVERSION = YES;
				CLANG_WARN_INFINITE_RECURSION = YES;
				CLANG_WARN_INT_CONVERSION = YES;
				CLANG_WARN_NON_LITERAL_NULL_CONVERSION = YES;
				CLANG_WARN_OBJC_IMPLICIT_RETAIN_SELF = YES;
				CLANG_WARN_OBJC_LITERAL_CONVERSION = YES;
				CLANG_WARN_OBJC_ROOT_CLASS = YES_ERROR;
				CLANG_WARN_RANGE_LOOP_ANALYSIS = YES;
				CLANG_WARN_STRICT_PROTOTYPES = YES;
				CLANG_WARN_SUSPICIOUS_MOVE = YES;
				CLANG_WARN_UNGUARDED_AVAILABILITY = YES_AGGRESSIVE;
				CLANG_WARN_UNREACHABLE_CODE = YES;
				CLANG_WARN__DUPLICATE_METHOD_MATCH = YES;
				CODE_SIGN_IDENTITY = "iPhone Developer";
				COPY_PHASE_STRIP = NO;
				DEBUG_INFORMATION_FORMAT = dwarf;
				ENABLE_STRICT_OBJC_MSGSEND = YES;
				ENABLE_TESTABILITY = YES;
				GCC_C_LANGUAGE_STANDARD = gnu11;
				GCC_DYNAMIC_NO_PIC = NO;
				GCC_NO_COMMON_BLOCKS = YES;
				GCC_OPTIMIZATION_LEVEL = 0;
				GCC_PREPROCESSOR_DEFINITIONS = (
					"DEBUG=1",
					"$(inherited)",
				);
				GCC_WARN_64_TO_32_BIT_CONVERSION = YES;
				GCC_WARN_ABOUT_RETURN_TYPE = YES_ERROR;
				GCC_WARN_UNDECLARED_SELECTOR = YES;
				GCC_WARN_UNINITIALIZED_AUTOS = YES_AGGRESSIVE;
				GCC_WARN_UNUSED_FUNCTION = YES;
				GCC_WARN_UNUSED_VARIABLE = YES;
				IPHONEOS_DEPLOYMENT_TARGET = 12.1;
				MTL_ENABLE_DEBUG_INFO = INCLUDE_SOURCE;
				MTL_FAST_MATH = YES;
				ONLY_ACTIVE_ARCH = YES;
				SDKROOT = iphoneos;
				SWIFT_ACTIVE_COMPILATION_CONDITIONS = DEBUG;
				SWIFT_OPTIMIZATION_LEVEL = "-Onone";
			};
			name = Debug;
		};
		9CF8D1BB2253C404008F88CD /* Release */ = {
			isa = XCBuildConfiguration;
			buildSettings = {
				ALWAYS_SEARCH_USER_PATHS = NO;
				CLANG_ANALYZER_NONNULL = YES;
				CLANG_ANALYZER_NUMBER_OBJECT_CONVERSION = YES_AGGRESSIVE;
				CLANG_CXX_LANGUAGE_STANDARD = "gnu++14";
				CLANG_CXX_LIBRARY = "libc++";
				CLANG_ENABLE_MODULES = YES;
				CLANG_ENABLE_OBJC_ARC = YES;
				CLANG_ENABLE_OBJC_WEAK = YES;
				CLANG_WARN_BLOCK_CAPTURE_AUTORELEASING = YES;
				CLANG_WARN_BOOL_CONVERSION = YES;
				CLANG_WARN_COMMA = YES;
				CLANG_WARN_CONSTANT_CONVERSION = YES;
				CLANG_WARN_DEPRECATED_OBJC_IMPLEMENTATIONS = YES;
				CLANG_WARN_DIRECT_OBJC_ISA_USAGE = YES_ERROR;
				CLANG_WARN_DOCUMENTATION_COMMENTS = YES;
				CLANG_WARN_EMPTY_BODY = YES;
				CLANG_WARN_ENUM_CONVERSION = YES;
				CLANG_WARN_INFINITE_RECURSION = YES;
				CLANG_WARN_INT_CONVERSION = YES;
				CLANG_WARN_NON_LITERAL_NULL_CONVERSION = YES;
				CLANG_WARN_OBJC_IMPLICIT_RETAIN_SELF = YES;
				CLANG_WARN_OBJC_LITERAL_CONVERSION = YES;
				CLANG_WARN_OBJC_ROOT_CLASS = YES_ERROR;
				CLANG_WARN_RANGE_LOOP_ANALYSIS = YES;
				CLANG_WARN_STRICT_PROTOTYPES = YES;
				CLANG_WARN_SUSPICIOUS_MOVE = YES;
				CLANG_WARN_UNGUARDED_AVAILABILITY = YES_AGGRESSIVE;
				CLANG_WARN_UNREACHABLE_CODE = YES;
				CLANG_WARN__DUPLICATE_METHOD_MATCH = YES;
				CODE_SIGN_IDENTITY = "iPhone Developer";
				COPY_PHASE_STRIP = NO;
				DEBUG_INFORMATION_FORMAT = "dwarf-with-dsym";
				ENABLE_NS_ASSERTIONS = NO;
				ENABLE_STRICT_OBJC_MSGSEND = YES;
				GCC_C_LANGUAGE_STANDARD = gnu11;
				GCC_NO_COMMON_BLOCKS = YES;
				GCC_WARN_64_TO_32_BIT_CONVERSION = YES;
				GCC_WARN_ABOUT_RETURN_TYPE = YES_ERROR;
				GCC_WARN_UNDECLARED_SELECTOR = YES;
				GCC_WARN_UNINITIALIZED_AUTOS = YES_AGGRESSIVE;
				GCC_WARN_UNUSED_FUNCTION = YES;
				GCC_WARN_UNUSED_VARIABLE = YES;
				IPHONEOS_DEPLOYMENT_TARGET = 12.1;
				MTL_ENABLE_DEBUG_INFO = NO;
				MTL_FAST_MATH = YES;
				SDKROOT = iphoneos;
				SWIFT_COMPILATION_MODE = wholemodule;
				SWIFT_OPTIMIZATION_LEVEL = "-O";
				VALIDATE_PRODUCT = YES;
			};
			name = Release;
		};
		9CF8D1BD2253C404008F88CD /* Debug */ = {
			isa = XCBuildConfiguration;
			baseConfigurationReference = DB3F46C9812DEC39145CEB12 /* Pods-Cookether.debug.xcconfig */;
			buildSettings = {
				ASSETCATALOG_COMPILER_APPICON_NAME = AppIcon;
				CODE_SIGN_STYLE = Automatic;
				DEVELOPMENT_TEAM = RWBFK5RYYV;
				INFOPLIST_FILE = Cookether/Info.plist;
				IPHONEOS_DEPLOYMENT_TARGET = 11.0;
				LD_RUNPATH_SEARCH_PATHS = (
					"$(inherited)",
					"@executable_path/Frameworks",
				);
				PRODUCT_BUNDLE_IDENTIFIER = com.NataliaSkawinska.Cookether;
				PRODUCT_NAME = "$(TARGET_NAME)";
				SWIFT_VERSION = 4.2;
				TARGETED_DEVICE_FAMILY = "1,2";
			};
			name = Debug;
		};
		9CF8D1BE2253C404008F88CD /* Release */ = {
			isa = XCBuildConfiguration;
			baseConfigurationReference = 3CAC9EA960A0A5C5641F9524 /* Pods-Cookether.release.xcconfig */;
			buildSettings = {
				ASSETCATALOG_COMPILER_APPICON_NAME = AppIcon;
				CODE_SIGN_STYLE = Automatic;
				DEVELOPMENT_TEAM = RWBFK5RYYV;
				INFOPLIST_FILE = Cookether/Info.plist;
				IPHONEOS_DEPLOYMENT_TARGET = 11.0;
				LD_RUNPATH_SEARCH_PATHS = (
					"$(inherited)",
					"@executable_path/Frameworks",
				);
				PRODUCT_BUNDLE_IDENTIFIER = com.NataliaSkawinska.Cookether;
				PRODUCT_NAME = "$(TARGET_NAME)";
				SWIFT_VERSION = 4.2;
				TARGETED_DEVICE_FAMILY = "1,2";
			};
			name = Release;
		};
/* End XCBuildConfiguration section */

/* Begin XCConfigurationList section */
		9CF8D1A52253C403008F88CD /* Build configuration list for PBXProject "Cookether" */ = {
			isa = XCConfigurationList;
			buildConfigurations = (
				9CF8D1BA2253C404008F88CD /* Debug */,
				9CF8D1BB2253C404008F88CD /* Release */,
			);
			defaultConfigurationIsVisible = 0;
			defaultConfigurationName = Release;
		};
		9CF8D1BC2253C404008F88CD /* Build configuration list for PBXNativeTarget "Cookether" */ = {
			isa = XCConfigurationList;
			buildConfigurations = (
				9CF8D1BD2253C404008F88CD /* Debug */,
				9CF8D1BE2253C404008F88CD /* Release */,
			);
			defaultConfigurationIsVisible = 0;
			defaultConfigurationName = Release;
		};
/* End XCConfigurationList section */
	};
	rootObject = 9CF8D1A22253C403008F88CD /* Project object */;
}
